
Microsoft Visual Studio Solution File, Format Version 12.00
# Visual Studio Version 16
VisualStudioVersion = 16.0.29102.190
MinimumVisualStudioVersion = 10.0.40219.1
Project("{FAE04EC0-301F-11D3-BF4B-00C04F79EFBC}") = "betterCalculator", "betterCalculator\betterCalculator.csproj", "{55AA027A-5B02-4561-83CB-9A3AF4D6BE24}"
EndProject
Global
	GlobalSection(SolutionConfigurationPlatforms) = preSolution
		Debug|Any CPU = Debug|Any CPU
		Release|Any CPU = Release|Any CPU
	EndGlobalSection
	GlobalSection(ProjectConfigurationPlatforms) = postSolution
		{55AA027A-5B02-4561-83CB-9A3AF4D6BE24}.Debug|Any CPU.ActiveCfg = Debug|Any CPU
		{55AA027A-5B02-4561-83CB-9A3AF4D6BE24}.Debug|Any CPU.Build.0 = Debug|Any CPU
		{55AA027A-5B02-4561-83CB-9A3AF4D6BE24}.Release|Any CPU.ActiveCfg = Release|Any CPU
		{55AA027A-5B02-4561-83CB-9A3AF4D6BE24}.Release|Any CPU.Build.0 = Release|Any CPU
	EndGlobalSection
	GlobalSection(SolutionProperties) = preSolution
		HideSolutionNode = FALSE
	EndGlobalSection
	GlobalSection(ExtensibilityGlobals) = postSolution
		SolutionGuid = {758CC93C-6DCE-46FD-B0BB-CE15733A73B6}
	EndGlobalSection
EndGlobal
